
Microsoft Visual Studio Solution File, Format Version 12.00
# Visual Studio Version 17
VisualStudioVersion = 17.0.32014.148
MinimumVisualStudioVersion = 10.0.40219.1
Project("{FAE04EC0-301F-11D3-BF4B-00C04F79EFBC}") = "SalutiWebApi", "SalutiWebApi\SalutiWebApi.csproj", "{616D8A20-9C64-4432-AF7A-585129964BF2}"
EndProject
Global
	GlobalSection(SolutionConfigurationPlatforms) = preSolution
		Debug|Any CPU = Debug|Any CPU
		Release|Any CPU = Release|Any CPU
	EndGlobalSection
	GlobalSection(ProjectConfigurationPlatforms) = postSolution
		{616D8A20-9C64-4432-AF7A-585129964BF2}.Debug|Any CPU.ActiveCfg = Debug|Any CPU
		{616D8A20-9C64-4432-AF7A-585129964BF2}.Debug|Any CPU.Build.0 = Debug|Any CPU
		{616D8A20-9C64-4432-AF7A-585129964BF2}.Release|Any CPU.ActiveCfg = Release|Any CPU
		{616D8A20-9C64-4432-AF7A-585129964BF2}.Release|Any CPU.Build.0 = Release|Any CPU
	EndGlobalSection
	GlobalSection(SolutionProperties) = preSolution
		HideSolutionNode = FALSE
	EndGlobalSection
	GlobalSection(ExtensibilityGlobals) = postSolution
		SolutionGuid = {AD378ABA-562F-4424-9FA7-C97016BD0CA8}
	EndGlobalSection
EndGlobal
